// !$*UTF8*$!
{
	archiveVersion = 1;
	classes = {
	};
	objectVersion = 46;
	objects = {

/* Begin PBXBuildFile section */
		935995671A7E6047003D7D37 /* AppDelegate.m in Sources */ = {isa = PBXBuildFile; fileRef = 935995661A7E6047003D7D37 /* AppDelegate.m */; };
		935995691A7E6047003D7D37 /* main.m in Sources */ = {isa = PBXBuildFile; fileRef = 935995681A7E6047003D7D37 /* main.m */; };
		9359956B1A7E6047003D7D37 /* Images.xcassets in Resources */ = {isa = PBXBuildFile; fileRef = 9359956A1A7E6047003D7D37 /* Images.xcassets */; };
		9359956E1A7E6048003D7D37 /* MainMenu.xib in Resources */ = {isa = PBXBuildFile; fileRef = 9359956C1A7E6048003D7D37 /* MainMenu.xib */; };
		9359957A1A7E6048003D7D37 /* TableViewDemoTests.m in Sources */ = {isa = PBXBuildFile; fileRef = 935995791A7E6048003D7D37 /* TableViewDemoTests.m */; };
/* End PBXBuildFile section */

/* Begin PBXContainerItemProxy section */
		935995741A7E6048003D7D37 /* PBXContainerItemProxy */ = {
			isa = PBXContainerItemProxy;
			containerPortal = 935995581A7E6047003D7D37 /* Project object */;
			proxyType = 1;
			remoteGlobalIDString = 9359955F1A7E6047003D7D37;
			remoteInfo = TableViewDemo;
		};
/* End PBXContainerItemProxy section */

/* Begin PBXFileReference section */
		935995601A7E6047003D7D37 /* TableViewDemo.app */ = {isa = PBXFileReference; explicitFileType = wrapper.application; includeInIndex = 0; path = TableViewDemo.app; sourceTree = BUILT_PRODUCTS_DIR; };
		935995641A7E6047003D7D37 /* Info.plist */ = {isa = PBXFileReference; lastKnownFileType = text.plist.xml; path = Info.plist; sourceTree = "<group>"; };
		935995651A7E6047003D7D37 /* AppDelegate.h */ = {isa = PBXFileReference; lastKnownFileType = sourcecode.c.h; path = AppDelegate.h; sourceTree = "<group>"; };
		935995661A7E6047003D7D37 /* AppDelegate.m */ = {isa = PBXFileReference; lastKnownFileType = sourcecode.c.objc; path = AppDelegate.m; sourceTree = "<group>"; };
		935995681A7E6047003D7D37 /* main.m */ = {isa = PBXFileReference; lastKnownFileType = sourcecode.c.objc; path = main.m; sourceTree = "<group>"; };
		9359956A1A7E6047003D7D37 /* Images.xcassets */ = {isa = PBXFileReference; lastKnownFileType = folder.assetcatalog; path = Images.xcassets; sourceTree = "<group>"; };
		9359956D1A7E6048003D7D37 /* Base */ = {isa = PBXFileReference; lastKnownFileType = file.xib; name = Base; path = Base.lproj/MainMenu.xib; sourceTree = "<group>"; };
		935995731A7E6048003D7D37 /* TableViewDemoTests.xctest */ = {isa = PBXFileReference; explicitFileType = wrapper.cfbundle; includeInIndex = 0; path = TableViewDemoTests.xctest; sourceTree = BUILT_PRODUCTS_DIR; };
		935995781A7E6048003D7D37 /* Info.plist */ = {isa = PBXFileReference; lastKnownFileType = text.plist.xml; path = Info.plist; sourceTree = "<group>"; };
		935995791A7E6048003D7D37 /* TableViewDemoTests.m */ = {isa = PBXFileReference; lastKnownFileType = sourcecode.c.objc; path = TableViewDemoTests.m; sourceTree = "<group>"; };
/* End PBXFileReference section */

/* Begin PBXFrameworksBuildPhase section */
		9359955D1A7E6047003D7D37 /* Frameworks */ = {
			isa = PBXFrameworksBuildPhase;
			buildActionMask = 2147483647;
			files = (
			);
			runOnlyForDeploymentPostprocessing = 0;
		};
		935995701A7E6048003D7D37 /* Frameworks */ = {
			isa = PBXFrameworksBuildPhase;
			buildActionMask = 2147483647;
			files = (
			);
			runOnlyForDeploymentPostprocessing = 0;
		};
/* End PBXFrameworksBuildPhase section */

/* Begin PBXGroup section */
		935995571A7E6047003D7D37 = {
			isa = PBXGroup;
			children = (
				935995621A7E6047003D7D37 /* TableViewDemo */,
				935995761A7E6048003D7D37 /* TableViewDemoTests */,
				935995611A7E6047003D7D37 /* Products */,
			);
			sourceTree = "<group>";
		};
		935995611A7E6047003D7D37 /* Products */ = {
			isa = PBXGroup;
			children = (
				935995601A7E6047003D7D37 /* TableViewDemo.app */,
				935995731A7E6048003D7D37 /* TableViewDemoTests.xctest */,
			);
			name = Products;
			sourceTree = "<group>";
		};
		935995621A7E6047003D7D37 /* TableViewDemo */ = {
			isa = PBXGroup;
			children = (
				935995651A7E6047003D7D37 /* AppDelegate.h */,
				935995661A7E6047003D7D37 /* AppDelegate.m */,
				9359956A1A7E6047003D7D37 /* Images.xcassets */,
				9359956C1A7E6048003D7D37 /* MainMenu.xib */,
				935995631A7E6047003D7D37 /* Supporting Files */,
			);
			path = TableViewDemo;
			sourceTree = "<group>";
		};
		935995631A7E6047003D7D37 /* Supporting Files */ = {
			isa = PBXGroup;
			children = (
				935995641A7E6047003D7D37 /* Info.plist */,
				935995681A7E6047003D7D37 /* main.m */,
			);
			name = "Supporting Files";
			sourceTree = "<group>";
		};
		935995761A7E6048003D7D37 /* TableViewDemoTests */ = {
			isa = PBXGroup;
			children = (
				935995791A7E6048003D7D37 /* TableViewDemoTests.m */,
				935995771A7E6048003D7D37 /* Supporting Files */,
			);
			path = TableViewDemoTests;
			sourceTree = "<group>";
		};
		935995771A7E6048003D7D37 /* Supporting Files */ = {
			isa = PBXGroup;
			children = (
				935995781A7E6048003D7D37 /* Info.plist */,
			);
			name = "Supporting Files";
			sourceTree = "<group>";
		};
/* End PBXGroup section */

/* Begin PBXNativeTarget section */
		9359955F1A7E6047003D7D37 /* TableViewDemo */ = {
			isa = PBXNativeTarget;
			buildConfigurationList = 9359957D1A7E6048003D7D37 /* Build configuration list for PBXNativeTarget "TableViewDemo" */;
			buildPhases = (
				9359955C1A7E6047003D7D37 /* Sources */,
				9359955D1A7E6047003D7D37 /* Frameworks */,
				9359955E1A7E6047003D7D37 /* Resources */,
			);
			buildRules = (
			);
			dependencies = (
			);
			name = TableViewDemo;
			productName = TableViewDemo;
			productReference = 935995601A7E6047003D7D37 /* TableViewDemo.app */;
			productType = "com.apple.product-type.application";
		};
		935995721A7E6048003D7D37 /* TableViewDemoTests */ = {
			isa = PBXNativeTarget;
			buildConfigurationList = 935995801A7E6048003D7D37 /* Build configuration list for PBXNativeTarget "TableViewDemoTests" */;
			buildPhases = (
				9359956F1A7E6048003D7D37 /* Sources */,
				935995701A7E6048003D7D37 /* Frameworks */,
				935995711A7E6048003D7D37 /* Resources */,
			);
			buildRules = (
			);
			dependencies = (
				935995751A7E6048003D7D37 /* PBXTargetDependency */,
			);
			name = TableViewDemoTests;
			productName = TableViewDemoTests;
			productReference = 935995731A7E6048003D7D37 /* TableViewDemoTests.xctest */;
			productType = "com.apple.product-type.bundle.unit-test";
		};
/* End PBXNativeTarget section */

/* Begin PBXProject section */
		935995581A7E6047003D7D37 /* Project object */ = {
			isa = PBXProject;
			attributes = {
				LastUpgradeCheck = 0610;
				ORGANIZATIONNAME = FengFeiYang;
				TargetAttributes = {
					9359955F1A7E6047003D7D37 = {
						CreatedOnToolsVersion = 6.1.1;
					};
					935995721A7E6048003D7D37 = {
						CreatedOnToolsVersion = 6.1.1;
						TestTargetID = 9359955F1A7E6047003D7D37;
					};
				};
			};
			buildConfigurationList = 9359955B1A7E6047003D7D37 /* Build configuration list for PBXProject "TableViewDemo" */;
			compatibilityVersion = "Xcode 3.2";
			developmentRegion = English;
			hasScannedForEncodings = 0;
			knownRegions = (
				en,
				Base,
			);
			mainGroup = 935995571A7E6047003D7D37;
			productRefGroup = 935995611A7E6047003D7D37 /* Products */;
			projectDirPath = "";
			projectRoot = "";
			targets = (
				9359955F1A7E6047003D7D37 /* TableViewDemo */,
				935995721A7E6048003D7D37 /* TableViewDemoTests */,
			);
		};
/* End PBXProject section */

/* Begin PBXResourcesBuildPhase section */
		9359955E1A7E6047003D7D37 /* Resources */ = {
			isa = PBXResourcesBuildPhase;
			buildActionMask = 2147483647;
			files = (
				9359956B1A7E6047003D7D37 /* Images.xcassets in Resources */,
				9359956E1A7E6048003D7D37 /* MainMenu.xib in Resources */,
			);
			runOnlyForDeploymentPostprocessing = 0;
		};
		935995711A7E6048003D7D37 /* Resources */ = {
			isa = PBXResourcesBuildPhase;
			buildActionMask = 2147483647;
			files = (
			);
			runOnlyForDeploymentPostprocessing = 0;
		};
/* End PBXResourcesBuildPhase section */

/* Begin PBXSourcesBuildPhase section */
		9359955C1A7E6047003D7D37 /* Sources */ = {
			isa = PBXSourcesBuildPhase;
			buildActionMask = 2147483647;
			files = (
				935995691A7E6047003D7D37 /* main.m in Sources */,
				935995671A7E6047003D7D37 /* AppDelegate.m in Sources */,
			);
			runOnlyForDeploymentPostprocessing = 0;
		};
		9359956F1A7E6048003D7D37 /* Sources */ = {
			isa = PBXSourcesBuildPhase;
			buildActionMask = 2147483647;
			files = (
				9359957A1A7E6048003D7D37 /* TableViewDemoTests.m in Sources */,
			);
			runOnlyForDeploymentPostprocessing = 0;
		};
/* End PBXSourcesBuildPhase section */

/* Begin PBXTargetDependency section */
		935995751A7E6048003D7D37 /* PBXTargetDependency */ = {
			isa = PBXTargetDependency;
			target = 9359955F1A7E6047003D7D37 /* TableViewDemo */;
			targetProxy = 935995741A7E6048003D7D37 /* PBXContainerItemProxy */;
		};
/* End PBXTargetDependency section */

/* Begin PBXVariantGroup section */
		9359956C1A7E6048003D7D37 /* MainMenu.xib */ = {
			isa = PBXVariantGroup;
			children = (
				9359956D1A7E6048003D7D37 /* Base */,
			);
			name = MainMenu.xib;
			sourceTree = "<group>";
		};
/* End PBXVariantGroup section */

/* Begin XCBuildConfiguration section */
		9359957B1A7E6048003D7D37 /* Debug */ = {
			isa = XCBuildConfiguration;
			buildSettings = {
				ALWAYS_SEARCH_USER_PATHS = NO;
				CLANG_CXX_LANGUAGE_STANDARD = "gnu++0x";
				CLANG_CXX_LIBRARY = "libc++";
				CLANG_ENABLE_MODULES = YES;
				CLANG_ENABLE_OBJC_ARC = YES;
				CLANG_WARN_BOOL_CONVERSION = YES;
				CLANG_WARN_CONSTANT_CONVERSION = YES;
				CLANG_WARN_DIRECT_OBJC_ISA_USAGE = YES_ERROR;
				CLANG_WARN_EMPTY_BODY = YES;
				CLANG_WARN_ENUM_CONVERSION = YES;
				CLANG_WARN_INT_CONVERSION = YES;
				CLANG_WARN_OBJC_ROOT_CLASS = YES_ERROR;
				CLANG_WARN_UNREACHABLE_CODE = YES;
				CLANG_WARN__DUPLICATE_METHOD_MATCH = YES;
				CODE_SIGN_IDENTITY = "-";
				COPY_PHASE_STRIP = NO;
				ENABLE_STRICT_OBJC_MSGSEND = YES;
				GCC_C_LANGUAGE_STANDARD = gnu99;
				GCC_DYNAMIC_NO_PIC = NO;
				GCC_OPTIMIZATION_LEVEL = 0;
				GCC_PREPROCESSOR_DEFINITIONS = (
					"DEBUG=1",
					"$(inherited)",
				);
				GCC_SYMBOLS_PRIVATE_EXTERN = NO;
				GCC_WARN_64_TO_32_BIT_CONVERSION = YES;
				GCC_WARN_ABOUT_RETURN_TYPE = YES_ERROR;
				GCC_WARN_UNDECLARED_SELECTOR = YES;
				GCC_WARN_UNINITIALIZED_AUTOS = YES_AGGRESSIVE;
				GCC_WARN_UNUSED_FUNCTION = YES;
				GCC_WARN_UNUSED_VARIABLE = YES;
				MACOSX_DEPLOYMENT_TARGET = 10.10;
				MTL_ENABLE_DEBUG_INFO = YES;
				ONLY_ACTIVE_ARCH = YES;
				SDKROOT = macosx;
			};
			name = Debug;
		};
		9359957C1A7E6048003D7D37 /* Release */ = {
			isa = XCBuildConfiguration;
			buildSettings = {
				ALWAYS_SEARCH_USER_PATHS = NO;
				CLANG_CXX_LANGUAGE_STANDARD = "gnu++0x";
				CLANG_CXX_LIBRARY = "libc++";
				CLANG_ENABLE_MODULES = YES;
				CLANG_ENABLE_OBJC_ARC = YES;
				CLANG_WARN_BOOL_CONVERSION = YES;
				CLANG_WARN_CONSTANT_CONVERSION = YES;
				CLANG_WARN_DIRECT_OBJC_ISA_USAGE = YES_ERROR;
				CLANG_WARN_EMPTY_BODY = YES;
				CLANG_WARN_ENUM_CONVERSION = YES;
				CLANG_WARN_INT_CONVERSION = YES;
				CLANG_WARN_OBJC_ROOT_CLASS = YES_ERROR;
				CLANG_WARN_UNREACHABLE_CODE = YES;
				CLANG_WARN__DUPLICATE_METHOD_MATCH = YES;
				CODE_SIGN_IDENTITY = "-";
				COPY_PHASE_STRIP = YES;
				DEBUG_INFORMATION_FORMAT = "dwarf-with-dsym";
				ENABLE_NS_ASSERTIONS = NO;
				ENABLE_STRICT_OBJC_MSGSEND = YES;
				GCC_C_LANGUAGE_STANDARD = gnu99;
				GCC_WARN_64_TO_32_BIT_CONVERSION = YES;
				GCC_WARN_ABOUT_RETURN_TYPE = YES_ERROR;
				GCC_WARN_UNDECLARED_SELECTOR = YES;
				GCC_WARN_UNINITIALIZED_AUTOS = YES_AGGRESSIVE;
				GCC_WARN_UNUSED_FUNCTION = YES;
				GCC_WARN_UNUSED_VARIABLE = YES;
				MACOSX_DEPLOYMENT_TARGET = 10.10;
				MTL_ENABLE_DEBUG_INFO = NO;
				SDKROOT = macosx;
			};
			name = Release;
		};
		9359957E1A7E6048003D7D37 /* Debug */ = {
			isa = XCBuildConfiguration;
			buildSettings = {
				ASSETCATALOG_COMPILER_APPICON_NAME = AppIcon;
				COMBINE_HIDPI_IMAGES = YES;
				INFOPLIST_FILE = TableViewDemo/Info.plist;
				LD_RUNPATH_SEARCH_PATHS = "$(inherited) @executable_path/../Frameworks";
				PRODUCT_NAME = "$(TARGET_NAME)";
			};
			name = Debug;
		};
		9359957F1A7E6048003D7D37 /* Release */ = {
			isa = XCBuildConfiguration;
			buildSettings = {
				ASSETCATALOG_COMPILER_APPICON_NAME = AppIcon;
				COMBINE_HIDPI_IMAGES = YES;
				INFOPLIST_FILE = TableViewDemo/Info.plist;
				LD_RUNPATH_SEARCH_PATHS = "$(inherited) @executable_path/../Frameworks";
				PRODUCT_NAME = "$(TARGET_NAME)";
			};
			name = Release;
		};
		935995811A7E6048003D7D37 /* Debug */ = {
			isa = XCBuildConfiguration;
			buildSettings = {
				BUNDLE_LOADER = "$(TEST_HOST)";
				COMBINE_HIDPI_IMAGES = YES;
				FRAMEWORK_SEARCH_PATHS = (
					"$(DEVELOPER_FRAMEWORKS_DIR)",
					"$(inherited)",
				);
				GCC_PREPROCESSOR_DEFINITIONS = (
					"DEBUG=1",
					"$(inherited)",
				);
				INFOPLIST_FILE = TableViewDemoTests/Info.plist;
				LD_RUNPATH_SEARCH_PATHS = "$(inherited) @executable_path/../Frameworks @loader_path/../Frameworks";
				PRODUCT_NAME = "$(TARGET_NAME)";
				TEST_HOST = "$(BUILT_PRODUCTS_DIR)/TableViewDemo.app/Contents/MacOS/TableViewDemo";
			};
			name = Debug;
		};
		935995821A7E6048003D7D37 /* Release */ = {
			isa = XCBuildConfiguration;
			buildSettings = {
				BUNDLE_LOADER = "$(TEST_HOST)";
				COMBINE_HIDPI_IMAGES = YES;
				FRAMEWORK_SEARCH_PATHS = (
					"$(DEVELOPER_FRAMEWORKS_DIR)",
					"$(inherited)",
				);
				INFOPLIST_FILE = TableViewDemoTests/Info.plist;
				LD_RUNPATH_SEARCH_PATHS = "$(inherited) @executable_path/../Frameworks @loader_path/../Frameworks";
				PRODUCT_NAME = "$(TARGET_NAME)";
				TEST_HOST = "$(BUILT_PRODUCTS_DIR)/TableViewDemo.app/Contents/MacOS/TableViewDemo";
			};
			name = Release;
		};
/* End XCBuildConfiguration section */

/* Begin XCConfigurationList section */
		9359955B1A7E6047003D7D37 /* Build configuration list for PBXProject "TableViewDemo" */ = {
			isa = XCConfigurationList;
			buildConfigurations = (
				9359957B1A7E6048003D7D37 /* Debug */,
				9359957C1A7E6048003D7D37 /* Release */,
			);
			defaultConfigurationIsVisible = 0;
			defaultConfigurationName = Release;
		};
		9359957D1A7E6048003D7D37 /* Build configuration list for PBXNativeTarget "TableViewDemo" */ = {
			isa = XCConfigurationList;
			buildConfigurations = (
				9359957E1A7E6048003D7D37 /* Debug */,
				9359957F1A7E6048003D7D37 /* Release */,
			);
			defaultConfigurationIsVisible = 0;
		};
		935995801A7E6048003D7D37 /* Build configuration list for PBXNativeTarget "TableViewDemoTests" */ = {
			isa = XCConfigurationList;
			buildConfigurations = (
				935995811A7E6048003D7D37 /* Debug */,
				935995821A7E6048003D7D37 /* Release */,
			);
			defaultConfigurationIsVisible = 0;
		};
/* End XCConfigurationList section */
	};
	rootObject = 935995581A7E6047003D7D37 /* Project object */;
}
